
Microsoft Visual Studio Solution File, Format Version 12.00
# Visual Studio Version 16
VisualStudioVersion = 16.0.31911.196
MinimumVisualStudioVersion = 10.0.40219.1
Project("{FAE04EC0-301F-11D3-BF4B-00C04F79EFBC}") = "DoAn1_WPF", "DoAn1_WPF\DoAn1_WPF.csproj", "{DE632AA7-F7C0-4CF8-865C-15B6ECD4B60F}"
EndProject
Global
	GlobalSection(SolutionConfigurationPlatforms) = preSolution
		Debug|Any CPU = Debug|Any CPU
		Release|Any CPU = Release|Any CPU
	EndGlobalSection
	GlobalSection(ProjectConfigurationPlatforms) = postSolution
		{DE632AA7-F7C0-4CF8-865C-15B6ECD4B60F}.Debug|Any CPU.ActiveCfg = Debug|Any CPU
		{DE632AA7-F7C0-4CF8-865C-15B6ECD4B60F}.Debug|Any CPU.Build.0 = Debug|Any CPU
		{DE632AA7-F7C0-4CF8-865C-15B6ECD4B60F}.Release|Any CPU.ActiveCfg = Release|Any CPU
		{DE632AA7-F7C0-4CF8-865C-15B6ECD4B60F}.Release|Any CPU.Build.0 = Release|Any CPU
	EndGlobalSection
	GlobalSection(SolutionProperties) = preSolution
		HideSolutionNode = FALSE
	EndGlobalSection
	GlobalSection(ExtensibilityGlobals) = postSolution
		SolutionGuid = {54F990DC-4C83-4073-989B-EEBDFFEE0623}
	EndGlobalSection
EndGlobal
